
Microsoft Visual Studio Solution File, Format Version 12.00
Project("{FAE04EC0-301F-11D3-BF4B-00C04F79EFBC}") = "Application.Tests", "Application.Tests\Application.Tests.csproj", "{C6A4A40D-E53F-43E2-9E42-4218BB97737B}"
EndProject
Project("{FAE04EC0-301F-11D3-BF4B-00C04F79EFBC}") = "Application", "Application\Application.csproj", "{A4043057-6840-4C15-A4B4-41388DDAF186}"
EndProject
Global
	GlobalSection(SolutionConfigurationPlatforms) = preSolution
		Debug|Any CPU = Debug|Any CPU
		Release|Any CPU = Release|Any CPU
	EndGlobalSection
	GlobalSection(ProjectConfigurationPlatforms) = postSolution
		{C6A4A40D-E53F-43E2-9E42-4218BB97737B}.Debug|Any CPU.ActiveCfg = Debug|Any CPU
		{C6A4A40D-E53F-43E2-9E42-4218BB97737B}.Debug|Any CPU.Build.0 = Debug|Any CPU
		{C6A4A40D-E53F-43E2-9E42-4218BB97737B}.Release|Any CPU.ActiveCfg = Release|Any CPU
		{C6A4A40D-E53F-43E2-9E42-4218BB97737B}.Release|Any CPU.Build.0 = Release|Any CPU
		{A4043057-6840-4C15-A4B4-41388DDAF186}.Debug|Any CPU.ActiveCfg = Debug|Any CPU
		{A4043057-6840-4C15-A4B4-41388DDAF186}.Debug|Any CPU.Build.0 = Debug|Any CPU
		{A4043057-6840-4C15-A4B4-41388DDAF186}.Release|Any CPU.ActiveCfg = Release|Any CPU
		{A4043057-6840-4C15-A4B4-41388DDAF186}.Release|Any CPU.Build.0 = Release|Any CPU
	EndGlobalSection
EndGlobal
